
Microsoft Visual Studio Solution File, Format Version 12.00
# Visual Studio Version 17
VisualStudioVersion = 17.2.32602.215
MinimumVisualStudioVersion = 10.0.40219.1
Project("{FAE04EC0-301F-11D3-BF4B-00C04F79EFBC}") = "HyperUI.Core", "HyperUI.Core\HyperUI.Core.csproj", "{72919904-C1A9-4984-81F9-642712930197}"
EndProject
Project("{FAE04EC0-301F-11D3-BF4B-00C04F79EFBC}") = "HyperUI.Core.UnitTests", "HyperUI.Core.UnitTests\HyperUI.Core.UnitTests.csproj", "{18792F8F-69FB-48CF-B363-2AE101E32969}"
EndProject
Global
	GlobalSection(SolutionConfigurationPlatforms) = preSolution
		Debug|Any CPU = Debug|Any CPU
		Release|Any CPU = Release|Any CPU
	EndGlobalSection
	GlobalSection(ProjectConfigurationPlatforms) = postSolution
		{72919904-C1A9-4984-81F9-642712930197}.Debug|Any CPU.ActiveCfg = Debug|Any CPU
		{72919904-C1A9-4984-81F9-642712930197}.Debug|Any CPU.Build.0 = Debug|Any CPU
		{72919904-C1A9-4984-81F9-642712930197}.Release|Any CPU.ActiveCfg = Release|Any CPU
		{72919904-C1A9-4984-81F9-642712930197}.Release|Any CPU.Build.0 = Release|Any CPU
		{18792F8F-69FB-48CF-B363-2AE101E32969}.Debug|Any CPU.ActiveCfg = Debug|Any CPU
		{18792F8F-69FB-48CF-B363-2AE101E32969}.Debug|Any CPU.Build.0 = Debug|Any CPU
		{18792F8F-69FB-48CF-B363-2AE101E32969}.Release|Any CPU.ActiveCfg = Release|Any CPU
		{18792F8F-69FB-48CF-B363-2AE101E32969}.Release|Any CPU.Build.0 = Release|Any CPU
	EndGlobalSection
	GlobalSection(SolutionProperties) = preSolution
		HideSolutionNode = FALSE
	EndGlobalSection
	GlobalSection(ExtensibilityGlobals) = postSolution
		SolutionGuid = {EEED0D17-32E7-4E05-92A4-FB8411ED1C25}
	EndGlobalSection
EndGlobal
